Microsoft Visual Studio Solution File, Format Version 11.00
# Visual Studio 2008

Project("{B0EE5049-693D-2F28-FC18-343448CD22F5}") = "GreenTurtle", "Assembly-CSharp-firstpass.csproj", "{7C816C93-9E0B-5133-EF8B-AC24BAFC25DF}"
EndProject
Project("{B0EE5049-693D-2F28-FC18-343448CD22F5}") = "GreenTurtle", "Assembly-CSharp.csproj", "{91FBA0FF-B530-68C3-D2A6-4A215E01D98C}"
EndProject
Project("{B0EE5049-693D-2F28-FC18-343448CD22F5}") = "GreenTurtle", "Assembly-CSharp-Editor.csproj", "{53AC260D-7AC9-DEAF-4741-AD79D2FEC9B9}"
EndProject
Global
	GlobalSection(SolutionConfigurationPlatforms) = preSolution
		Debug|Any CPU = Debug|Any CPU
		Release|Any CPU = Release|Any CPU
	EndGlobalSection
	GlobalSection(ProjectConfigurationPlatforms) = postSolution
		{7C816C93-9E0B-5133-EF8B-AC24BAFC25DF}.Debug|Any CPU.ActiveCfg = Debug|Any CPU
		{7C816C93-9E0B-5133-EF8B-AC24BAFC25DF}.Debug|Any CPU.Build.0 = Debug|Any CPU
		{7C816C93-9E0B-5133-EF8B-AC24BAFC25DF}.Release|Any CPU.ActiveCfg = Release|Any CPU
		{7C816C93-9E0B-5133-EF8B-AC24BAFC25DF}.Release|Any CPU.Build.0 = Release|Any CPU
		{91FBA0FF-B530-68C3-D2A6-4A215E01D98C}.Debug|Any CPU.ActiveCfg = Debug|Any CPU
		{91FBA0FF-B530-68C3-D2A6-4A215E01D98C}.Debug|Any CPU.Build.0 = Debug|Any CPU
		{91FBA0FF-B530-68C3-D2A6-4A215E01D98C}.Release|Any CPU.ActiveCfg = Release|Any CPU
		{91FBA0FF-B530-68C3-D2A6-4A215E01D98C}.Release|Any CPU.Build.0 = Release|Any CPU
		{53AC260D-7AC9-DEAF-4741-AD79D2FEC9B9}.Debug|Any CPU.ActiveCfg = Debug|Any CPU
		{53AC260D-7AC9-DEAF-4741-AD79D2FEC9B9}.Debug|Any CPU.Build.0 = Debug|Any CPU
		{53AC260D-7AC9-DEAF-4741-AD79D2FEC9B9}.Release|Any CPU.ActiveCfg = Release|Any CPU
		{53AC260D-7AC9-DEAF-4741-AD79D2FEC9B9}.Release|Any CPU.Build.0 = Release|Any CPU
	EndGlobalSection
	GlobalSection(SolutionProperties) = preSolution
		HideSolutionNode = FALSE
	EndGlobalSection
	GlobalSection(MonoDevelopProperties) = preSolution
		StartupItem = Assembly-CSharp.csproj
	EndGlobalSection
EndGlobal
